{
  "name": "touchportal-meldstudio-plugin",
  "version": "1.0.0",
  "lockfileVersion": 3,
  "requires": true,
  "packages": {
    "": {
      "name": "touchportal-meldstudio-plugin",
      "version": "1.0.0",
      "license": "LGPL-3.0-or-later",
      "dependencies": {
        "qwebchannel": "^6.2.0",
        "touchportal-api": "^3.3.0",
        "ws": "^8.17.0"
      }
    },
    "node_modules/@types/node": {
      "version": "10.17.60",
      "resolved": "https://registry.npmjs.org/@types/node/-/node-10.17.60.tgz",
      "integrity": "sha512-F0KIgDJfy2nA3zMLmWGKxcH2ZVEtCZXHHdOQs2gSaQ27+lNeEfGxzkIw90aXswATX7AZ33tahPbzy6KAfUreVw=="
    },
    "node_modules/app-root-dir": {
      "version": "1.0.2",
      "resolved": "https://registry.npmjs.org/app-root-dir/-/app-root-dir-1.0.2.tgz",
      "integrity": "sha512-jlpIfsOoNoafl92Sz//64uQHGSyMrD2vYG5d8o2a4qGvyNCvXur7bzIsWtAC/6flI2RYAp3kv8rsfBtaLm7w0g=="
    },
    "node_modules/compare-versions": {
      "version": "3.6.0",
      "resolved": "https://registry.npmjs.org/compare-versions/-/compare-versions-3.6.0.tgz",
      "integrity": "sha512-W6Af2Iw1z4CB7q4uU4hv646dW9GQuBM+YpC0UvUCWSD8w90SJjp+ujJuXaEMtAXBtSqGfMPuFOVn4/+FlaqfBA=="
    },
    "node_modules/qwebchannel": {
      "version": "6.2.0",
      "resolved": "https://registry.npmjs.org/qwebchannel/-/qwebchannel-6.2.0.tgz",
      "integrity": "sha512-DfJMFZutES2w/v2L3q6id+RoqG92PxnWIkW6dBQh1Be3mo6y2BEckvNfymXlIyCxks5dz0UbmzKZ2jT1qjOCzw=="
    },
    "node_modules/require-from-app-root": {
      "version": "0.2.1",
      "resolved": "https://registry.npmjs.org/require-from-app-root/-/require-from-app-root-0.2.1.tgz",
      "integrity": "sha512-TuNPLCO3uAA6Za80Vtz9F8YL0KpJiJ+ZQxOhdyV0N9j1VzweqXuHqVgacBdYo+25rWPA9jzqusijtKiTd2vW2g==",
      "dependencies": {
        "@types/node": "^10.0.0",
        "app-root-dir": "^1.0.2"
      }
    },
    "node_modules/touchportal-api": {
      "version": "3.3.0",
      "resolved": "https://registry.npmjs.org/touchportal-api/-/touchportal-api-3.3.0.tgz",
      "integrity": "sha512-mo9rWUJIBuWXKjT/JPOpPx3ZRR60Qp0Ov5ZK8RRLSo59nOCPbc9qptcre4TRy/o7cwa0it4wCKUBi/r1Io3LNw==",
      "hasInstallScript": true,
      "dependencies": {
        "compare-versions": "^3.6.0",
        "require-from-app-root": "^0.2.1"
      }
    },
    "node_modules/ws": {
      "version": "8.17.0",
      "resolved": "https://registry.npmjs.org/ws/-/ws-8.17.0.tgz",
      "integrity": "sha512-uJq6108EgZMAl20KagGkzCKfMEjxmKvZHG7Tlq0Z6nOky7YF7aq4mOx6xK8TJ/i1LeK4Qus7INktacctDgY8Ow==",
      "engines": {
        "node": ">=10.0.0"
      },
      "peerDependencies": {
        "bufferutil": "^4.0.1",
        "utf-8-validate": ">=5.0.2"
      },
      "peerDependenciesMeta": {
        "bufferutil": {
          "optional": true
        },
        "utf-8-validate": {
          "optional": true
        }
      }
    }
  }
}
